{
  "name": "shui",
  "version": "0.0.0",
  "lockfileVersion": 3,
  "requires": true,
  "packages": {
    "": {
      "devDependencies": {
        "@kud/glyphs": "0.2.0"
      }
    },
    "node_modules/@kud/glyphs": {
      "version": "0.2.0",
      "resolved": "https://registry.npmjs.org/@kud/glyphs/-/glyphs-0.2.0.tgz",
      "integrity": "sha512-hlMVbK0Rsnr7G60jlwf8opD6M9xZTH1XCgoiVYktC9g4Ag3VP5iA+3WRy/wbxHfm5wxVIdNJedquOHufPiirqg==",
      "dev": true,
      "license": "MIT",
      "engines": {
        "node": ">=20"
      }
    }
  }
}
